{
  "version": "5",
  "specifiers": {
    "jsr:@luca/esbuild-deno-loader@~0.11.1": "0.11.1",
    "jsr:@oazmi/esbuild-plugin-deno@~0.4.4": "0.4.4",
    "jsr:@oazmi/kitchensink@0.9.14": "0.9.14",
    "jsr:@std/bytes@^1.0.2": "1.0.6",
    "jsr:@std/bytes@^1.0.6": "1.0.6",
    "jsr:@std/encoding@^1.0.5": "1.0.10",
    "jsr:@std/internal@^1.0.10": "1.0.10",
    "jsr:@std/path@1.1.2": "1.1.2",
    "jsr:@std/path@^1.0.6": "1.1.2",
    "jsr:@std/streams@1.0.12": "1.0.12",
    "npm:@babel/preset-react@7.27.1": "7.27.1_@babel+core@7.28.4",
    "npm:@babel/preset-typescript@7.27.1": "7.27.1_@babel+core@7.28.4",
    "npm:@biomejs/biome@2.2.4": "2.2.4",
    "npm:babel-plugin-react-compiler@19.1.0-rc.3": "19.1.0-rc.3",
    "npm:esbuild-plugin-babel@0.2.3": "0.2.3_@babel+core@7.28.4",
    "npm:react-compiler-runtime@19.1.0-rc.3": "19.1.0-rc.3_react@19.1.1"
  },
  "jsr": {
    "@luca/esbuild-deno-loader@0.11.1": {
      "integrity": "dc020d16d75b591f679f6b9288b10f38bdb4f24345edb2f5732affa1d9885267",
      "dependencies": [
        "jsr:@std/bytes@^1.0.2",
        "jsr:@std/encoding",
        "jsr:@std/path@^1.0.6"
      ]
    },
    "@oazmi/esbuild-plugin-deno@0.4.4": {
      "integrity": "08b03f9cac9c9a606a27bd1c4896c1cf08a5b8a43400b78910dcc32a5d20217f",
      "dependencies": [
        "jsr:@oazmi/kitchensink"
      ]
    },
    "@oazmi/kitchensink@0.9.14": {
      "integrity": "3510645cd38bfc03f391e64c2cafb075fbc33f334f8891f0498d95444878a11d"
    },
    "@std/bytes@1.0.6": {
      "integrity": "f6ac6adbd8ccd99314045f5703e23af0a68d7f7e58364b47d2c7f408aeb5820a"
    },
    "@std/encoding@1.0.10": {
      "integrity": "8783c6384a2d13abd5e9e87a7ae0520a30e9f56aeeaa3bdf910a3eaaf5c811a1"
    },
    "@std/internal@1.0.10": {
      "integrity": "e3be62ce42cab0e177c27698e5d9800122f67b766a0bea6ca4867886cbde8cf7"
    },
    "@std/path@1.1.2": {
      "integrity": "c0b13b97dfe06546d5e16bf3966b1cadf92e1cc83e56ba5476ad8b498d9e3038",
      "dependencies": [
        "jsr:@std/internal"
      ]
    },
    "@std/streams@1.0.12": {
      "integrity": "ae925fa1dc459b1abf5cbaa28cc5c7b0485853af3b2a384b0dc22d86e59dfbf4",
      "dependencies": [
        "jsr:@std/bytes@^1.0.6"
      ]
    }
  },
  "npm": {
    "@babel/code-frame@7.27.1": {
      "integrity": "sha512-cjQ7ZlQ0Mv3b47hABuTevyTuYN4i+loJKGeV9flcCgIK37cCXRh+L1bd3iBHlynerhQ7BhCkn2BPbQUL+rGqFg==",
      "dependencies": [
        "@babel/helper-validator-identifier",
        "js-tokens",
        "picocolors"
      ]
    },
    "@babel/compat-data@7.28.4": {
      "integrity": "sha512-YsmSKC29MJwf0gF8Rjjrg5LQCmyh+j/nD8/eP7f+BeoQTKYqs9RoWbjGOdy0+1Ekr68RJZMUOPVQaQisnIo4Rw=="
    },
    "@babel/core@7.28.4": {
      "integrity": "sha512-2BCOP7TN8M+gVDj7/ht3hsaO/B/n5oDbiAyyvnRlNOs+u1o+JWNYTQrmpuNp1/Wq2gcFrI01JAW+paEKDMx/CA==",
      "dependencies": [
        "@babel/code-frame",
        "@babel/generator",
        "@babel/helper-compilation-targets",
        "@babel/helper-module-transforms",
        "@babel/helpers",
        "@babel/parser",
        "@babel/template",
        "@babel/traverse",
        "@babel/types",
        "@jridgewell/remapping",
        "convert-source-map",
        "debug",
        "gensync",
        "json5",
        "semver"
      ]
    },
    "@babel/generator@7.28.3": {
      "integrity": "sha512-3lSpxGgvnmZznmBkCRnVREPUFJv2wrv9iAoFDvADJc0ypmdOxdUtcLeBgBJ6zE0PMeTKnxeQzyk0xTBq4Ep7zw==",
      "dependencies": [
        "@babel/parser",
        "@babel/types",
        "@jridgewell/gen-mapping",
        "@jridgewell/trace-mapping",
        "jsesc"
      ]
    },
    "@babel/helper-annotate-as-pure@7.27.3": {
      "integrity": "sha512-fXSwMQqitTGeHLBC08Eq5yXz2m37E4pJX1qAU1+2cNedz/ifv/bVXft90VeSav5nFO61EcNgwr0aJxbyPaWBPg==",
      "dependencies": [
        "@babel/types"
      ]
    },
    "@babel/helper-compilation-targets@7.27.2": {
      "integrity": "sha512-2+1thGUUWWjLTYTHZWK1n8Yga0ijBz1XAhUXcKy81rd5g6yh7hGqMp45v7cadSbEHc9G3OTv45SyneRN3ps4DQ==",
      "dependencies": [
        "@babel/compat-data",
        "@babel/helper-validator-option",
        "browserslist",
        "lru-cache",
        "semver"
      ]
    },
    "@babel/helper-create-class-features-plugin@7.28.3_@babel+core@7.28.4": {
      "integrity": "sha512-V9f6ZFIYSLNEbuGA/92uOvYsGCJNsuA8ESZ4ldc09bWk/j8H8TKiPw8Mk1eG6olpnO0ALHJmYfZvF4MEE4gajg==",
      "dependencies": [
        "@babel/core",
        "@babel/helper-annotate-as-pure",
        "@babel/helper-member-expression-to-functions",
        "@babel/helper-optimise-call-expression",
        "@babel/helper-replace-supers",
        "@babel/helper-skip-transparent-expression-wrappers",
        "@babel/traverse",
        "semver"
      ]
    },
    "@babel/helper-globals@7.28.0": {
      "integrity": "sha512-+W6cISkXFa1jXsDEdYA8HeevQT/FULhxzR99pxphltZcVaugps53THCeiWA8SguxxpSp3gKPiuYfSWopkLQ4hw=="
    },
    "@babel/helper-member-expression-to-functions@7.27.1": {
      "integrity": "sha512-E5chM8eWjTp/aNoVpcbfM7mLxu9XGLWYise2eBKGQomAk/Mb4XoxyqXTZbuTohbsl8EKqdlMhnDI2CCLfcs9wA==",
      "dependencies": [
        "@babel/traverse",
        "@babel/types"
      ]
    },
    "@babel/helper-module-imports@7.27.1": {
      "integrity": "sha512-0gSFWUPNXNopqtIPQvlD5WgXYI5GY2kP2cCvoT8kczjbfcfuIljTbcWrulD1CIPIX2gt1wghbDy08yE1p+/r3w==",
      "dependencies": [
        "@babel/traverse",
        "@babel/types"
      ]
    },
    "@babel/helper-module-transforms@7.28.3_@babel+core@7.28.4": {
      "integrity": "sha512-gytXUbs8k2sXS9PnQptz5o0QnpLL51SwASIORY6XaBKF88nsOT0Zw9szLqlSGQDP/4TljBAD5y98p2U1fqkdsw==",
      "dependencies": [
        "@babel/core",
        "@babel/helper-module-imports",
        "@babel/helper-validator-identifier",
        "@babel/traverse"
      ]
    },
    "@babel/helper-optimise-call-expression@7.27.1": {
      "integrity": "sha512-URMGH08NzYFhubNSGJrpUEphGKQwMQYBySzat5cAByY1/YgIRkULnIy3tAMeszlL/so2HbeilYloUmSpd7GdVw==",
      "dependencies": [
        "@babel/types"
      ]
    },
    "@babel/helper-plugin-utils@7.27.1": {
      "integrity": "sha512-1gn1Up5YXka3YYAHGKpbideQ5Yjf1tDa9qYcgysz+cNCXukyLl6DjPXhD3VRwSb8c0J9tA4b2+rHEZtc6R0tlw=="
    },
    "@babel/helper-replace-supers@7.27.1_@babel+core@7.28.4": {
      "integrity": "sha512-7EHz6qDZc8RYS5ElPoShMheWvEgERonFCs7IAonWLLUTXW59DP14bCZt89/GKyreYn8g3S83m21FelHKbeDCKA==",
      "dependencies": [
        "@babel/core",
        "@babel/helper-member-expression-to-functions",
        "@babel/helper-optimise-call-expression",
        "@babel/traverse"
      ]
    },
    "@babel/helper-skip-transparent-expression-wrappers@7.27.1": {
      "integrity": "sha512-Tub4ZKEXqbPjXgWLl2+3JpQAYBJ8+ikpQ2Ocj/q/r0LwE3UhENh7EUabyHjz2kCEsrRY83ew2DQdHluuiDQFzg==",
      "dependencies": [
        "@babel/traverse",
        "@babel/types"
      ]
    },
    "@babel/helper-string-parser@7.27.1": {
      "integrity": "sha512-qMlSxKbpRlAridDExk92nSobyDdpPijUq2DW6oDnUqd0iOGxmQjyqhMIihI9+zv4LPyZdRje2cavWPbCbWm3eA=="
    },
    "@babel/helper-validator-identifier@7.27.1": {
      "integrity": "sha512-D2hP9eA+Sqx1kBZgzxZh0y1trbuU+JoDkiEwqhQ36nodYqJwyEIhPSdMNd7lOm/4io72luTPWH20Yda0xOuUow=="
    },
    "@babel/helper-validator-option@7.27.1": {
      "integrity": "sha512-YvjJow9FxbhFFKDSuFnVCe2WxXk1zWc22fFePVNEaWJEu8IrZVlda6N0uHwzZrUM1il7NC9Mlp4MaJYbYd9JSg=="
    },
    "@babel/helpers@7.28.4": {
      "integrity": "sha512-HFN59MmQXGHVyYadKLVumYsA9dBFun/ldYxipEjzA4196jpLZd8UjEEBLkbEkvfYreDqJhZxYAWFPtrfhNpj4w==",
      "dependencies": [
        "@babel/template",
        "@babel/types"
      ]
    },
    "@babel/parser@7.28.4": {
      "integrity": "sha512-yZbBqeM6TkpP9du/I2pUZnJsRMGGvOuIrhjzC1AwHwW+6he4mni6Bp/m8ijn0iOuZuPI2BfkCoSRunpyjnrQKg==",
      "dependencies": [
        "@babel/types"
      ],
      "bin": true
    },
    "@babel/plugin-syntax-jsx@7.27.1_@babel+core@7.28.4": {
      "integrity": "sha512-y8YTNIeKoyhGd9O0Jiyzyyqk8gdjnumGTQPsz0xOZOQ2RmkVJeZ1vmmfIvFEKqucBG6axJGBZDE/7iI5suUI/w==",
      "dependencies": [
        "@babel/core",
        "@babel/helper-plugin-utils"
      ]
    },
    "@babel/plugin-syntax-typescript@7.27.1_@babel+core@7.28.4": {
      "integrity": "sha512-xfYCBMxveHrRMnAWl1ZlPXOZjzkN82THFvLhQhFXFt81Z5HnN+EtUkZhv/zcKpmT3fzmWZB0ywiBrbC3vogbwQ==",
      "dependencies": [
        "@babel/core",
        "@babel/helper-plugin-utils"
      ]
    },
    "@babel/plugin-transform-modules-commonjs@7.27.1_@babel+core@7.28.4": {
      "integrity": "sha512-OJguuwlTYlN0gBZFRPqwOGNWssZjfIUdS7HMYtN8c1KmwpwHFBwTeFZrg9XZa+DFTitWOW5iTAG7tyCUPsCCyw==",
      "dependencies": [
        "@babel/core",
        "@babel/helper-module-transforms",
        "@babel/helper-plugin-utils"
      ]
    },
    "@babel/plugin-transform-react-display-name@7.28.0_@babel+core@7.28.4": {
      "integrity": "sha512-D6Eujc2zMxKjfa4Zxl4GHMsmhKKZ9VpcqIchJLvwTxad9zWIYulwYItBovpDOoNLISpcZSXoDJ5gaGbQUDqViA==",
      "dependencies": [
        "@babel/core",
        "@babel/helper-plugin-utils"
      ]
    },
    "@babel/plugin-transform-react-jsx-development@7.27.1_@babel+core@7.28.4": {
      "integrity": "sha512-ykDdF5yI4f1WrAolLqeF3hmYU12j9ntLQl/AOG1HAS21jxyg1Q0/J/tpREuYLfatGdGmXp/3yS0ZA76kOlVq9Q==",
      "dependencies": [
        "@babel/core",
        "@babel/plugin-transform-react-jsx"
      ]
    },
    "@babel/plugin-transform-react-jsx@7.27.1_@babel+core@7.28.4": {
      "integrity": "sha512-2KH4LWGSrJIkVf5tSiBFYuXDAoWRq2MMwgivCf+93dd0GQi8RXLjKA/0EvRnVV5G0hrHczsquXuD01L8s6dmBw==",
      "dependencies": [
        "@babel/core",
        "@babel/helper-annotate-as-pure",
        "@babel/helper-module-imports",
        "@babel/helper-plugin-utils",
        "@babel/plugin-syntax-jsx",
        "@babel/types"
      ]
    },
    "@babel/plugin-transform-react-pure-annotations@7.27.1_@babel+core@7.28.4": {
      "integrity": "sha512-JfuinvDOsD9FVMTHpzA/pBLisxpv1aSf+OIV8lgH3MuWrks19R27e6a6DipIg4aX1Zm9Wpb04p8wljfKrVSnPA==",
      "dependencies": [
        "@babel/core",
        "@babel/helper-annotate-as-pure",
        "@babel/helper-plugin-utils"
      ]
    },
    "@babel/plugin-transform-typescript@7.28.0_@babel+core@7.28.4": {
      "integrity": "sha512-4AEiDEBPIZvLQaWlc9liCavE0xRM0dNca41WtBeM3jgFptfUOSG9z0uteLhq6+3rq+WB6jIvUwKDTpXEHPJ2Vg==",
      "dependencies": [
        "@babel/core",
        "@babel/helper-annotate-as-pure",
        "@babel/helper-create-class-features-plugin",
        "@babel/helper-plugin-utils",
        "@babel/helper-skip-transparent-expression-wrappers",
        "@babel/plugin-syntax-typescript"
      ]
    },
    "@babel/preset-react@7.27.1_@babel+core@7.28.4": {
      "integrity": "sha512-oJHWh2gLhU9dW9HHr42q0cI0/iHHXTLGe39qvpAZZzagHy0MzYLCnCVV0symeRvzmjHyVU7mw2K06E6u/JwbhA==",
      "dependencies": [
        "@babel/core",
        "@babel/helper-plugin-utils",
        "@babel/helper-validator-option",
        "@babel/plugin-transform-react-display-name",
        "@babel/plugin-transform-react-jsx",
        "@babel/plugin-transform-react-jsx-development",
        "@babel/plugin-transform-react-pure-annotations"
      ]
    },
    "@babel/preset-typescript@7.27.1_@babel+core@7.28.4": {
      "integrity": "sha512-l7WfQfX0WK4M0v2RudjuQK4u99BS6yLHYEmdtVPP7lKV013zr9DygFuWNlnbvQ9LR+LS0Egz/XAvGx5U9MX0fQ==",
      "dependencies": [
        "@babel/core",
        "@babel/helper-plugin-utils",
        "@babel/helper-validator-option",
        "@babel/plugin-syntax-jsx",
        "@babel/plugin-transform-modules-commonjs",
        "@babel/plugin-transform-typescript"
      ]
    },
    "@babel/template@7.27.2": {
      "integrity": "sha512-LPDZ85aEJyYSd18/DkjNh4/y1ntkE5KwUHWTiqgRxruuZL2F1yuHligVHLvcHY2vMHXttKFpJn6LwfI7cw7ODw==",
      "dependencies": [
        "@babel/code-frame",
        "@babel/parser",
        "@babel/types"
      ]
    },
    "@babel/traverse@7.28.4": {
      "integrity": "sha512-YEzuboP2qvQavAcjgQNVgsvHIDv6ZpwXvcvjmyySP2DIMuByS/6ioU5G9pYrWHM6T2YDfc7xga9iNzYOs12CFQ==",
      "dependencies": [
        "@babel/code-frame",
        "@babel/generator",
        "@babel/helper-globals",
        "@babel/parser",
        "@babel/template",
        "@babel/types",
        "debug"
      ]
    },
    "@babel/types@7.28.4": {
      "integrity": "sha512-bkFqkLhh3pMBUQQkpVgWDWq/lqzc2678eUyDlTBhRqhCHFguYYGM0Efga7tYk4TogG/3x0EEl66/OQ+WGbWB/Q==",
      "dependencies": [
        "@babel/helper-string-parser",
        "@babel/helper-validator-identifier"
      ]
    },
    "@biomejs/biome@2.2.4": {
      "integrity": "sha512-TBHU5bUy/Ok6m8c0y3pZiuO/BZoY/OcGxoLlrfQof5s8ISVwbVBdFINPQZyFfKwil8XibYWb7JMwnT8wT4WVPg==",
      "optionalDependencies": [
        "@biomejs/cli-darwin-arm64",
        "@biomejs/cli-darwin-x64",
        "@biomejs/cli-linux-arm64",
        "@biomejs/cli-linux-arm64-musl",
        "@biomejs/cli-linux-x64",
        "@biomejs/cli-linux-x64-musl",
        "@biomejs/cli-win32-arm64",
        "@biomejs/cli-win32-x64"
      ],
      "bin": true
    },
    "@biomejs/cli-darwin-arm64@2.2.4": {
      "integrity": "sha512-RJe2uiyaloN4hne4d2+qVj3d3gFJFbmrr5PYtkkjei1O9c+BjGXgpUPVbi8Pl8syumhzJjFsSIYkcLt2VlVLMA==",
      "os": ["darwin"],
      "cpu": ["arm64"]
    },
    "@biomejs/cli-darwin-x64@2.2.4": {
      "integrity": "sha512-cFsdB4ePanVWfTnPVaUX+yr8qV8ifxjBKMkZwN7gKb20qXPxd/PmwqUH8mY5wnM9+U0QwM76CxFyBRJhC9tQwg==",
      "os": ["darwin"],
      "cpu": ["x64"]
    },
    "@biomejs/cli-linux-arm64-musl@2.2.4": {
      "integrity": "sha512-7TNPkMQEWfjvJDaZRSkDCPT/2r5ESFPKx+TEev+I2BXDGIjfCZk2+b88FOhnJNHtksbOZv8ZWnxrA5gyTYhSsQ==",
      "os": ["linux"],
      "cpu": ["arm64"]
    },
    "@biomejs/cli-linux-arm64@2.2.4": {
      "integrity": "sha512-M/Iz48p4NAzMXOuH+tsn5BvG/Jb07KOMTdSVwJpicmhN309BeEyRyQX+n1XDF0JVSlu28+hiTQ2L4rZPvu7nMw==",
      "os": ["linux"],
      "cpu": ["arm64"]
    },
    "@biomejs/cli-linux-x64-musl@2.2.4": {
      "integrity": "sha512-m41nFDS0ksXK2gwXL6W6yZTYPMH0LughqbsxInSKetoH6morVj43szqKx79Iudkp8WRT5SxSh7qVb8KCUiewGg==",
      "os": ["linux"],
      "cpu": ["x64"]
    },
    "@biomejs/cli-linux-x64@2.2.4": {
      "integrity": "sha512-orr3nnf2Dpb2ssl6aihQtvcKtLySLta4E2UcXdp7+RTa7mfJjBgIsbS0B9GC8gVu0hjOu021aU8b3/I1tn+pVQ==",
      "os": ["linux"],
      "cpu": ["x64"]
    },
    "@biomejs/cli-win32-arm64@2.2.4": {
      "integrity": "sha512-NXnfTeKHDFUWfxAefa57DiGmu9VyKi0cDqFpdI+1hJWQjGJhJutHPX0b5m+eXvTKOaf+brU+P0JrQAZMb5yYaQ==",
      "os": ["win32"],
      "cpu": ["arm64"]
    },
    "@biomejs/cli-win32-x64@2.2.4": {
      "integrity": "sha512-3Y4V4zVRarVh/B/eSHczR4LYoSVyv3Dfuvm3cWs5w/HScccS0+Wt/lHOcDTRYeHjQmMYVC3rIRWqyN2EI52+zg==",
      "os": ["win32"],
      "cpu": ["x64"]
    },
    "@jridgewell/gen-mapping@0.3.13": {
      "integrity": "sha512-2kkt/7niJ6MgEPxF0bYdQ6etZaA+fQvDcLKckhy1yIQOzaoKjBBjSj63/aLVjYE3qhRt5dvM+uUyfCg6UKCBbA==",
      "dependencies": [
        "@jridgewell/sourcemap-codec",
        "@jridgewell/trace-mapping"
      ]
    },
    "@jridgewell/remapping@2.3.5": {
      "integrity": "sha512-LI9u/+laYG4Ds1TDKSJW2YPrIlcVYOwi2fUC6xB43lueCjgxV4lffOCZCtYFiH6TNOX+tQKXx97T4IKHbhyHEQ==",
      "dependencies": [
        "@jridgewell/gen-mapping",
        "@jridgewell/trace-mapping"
      ]
    },
    "@jridgewell/resolve-uri@3.1.2": {
      "integrity": "sha512-bRISgCIjP20/tbWSPWMEi54QVPRZExkuD9lJL+UIxUKtwVJA8wW1Trb1jMs1RFXo1CBTNZ/5hpC9QvmKWdopKw=="
    },
    "@jridgewell/sourcemap-codec@1.5.5": {
      "integrity": "sha512-cYQ9310grqxueWbl+WuIUIaiUaDcj7WOq5fVhEljNVgRfOUhY9fy2zTvfoqWsnebh8Sl70VScFbICvJnLKB0Og=="
    },
    "@jridgewell/trace-mapping@0.3.31": {
      "integrity": "sha512-zzNR+SdQSDJzc8joaeP8QQoCQr8NuYx2dIIytl1QeBEZHJ9uW6hebsrYgbz8hJwUQao3TWCMtmfV8Nu1twOLAw==",
      "dependencies": [
        "@jridgewell/resolve-uri",
        "@jridgewell/sourcemap-codec"
      ]
    },
    "babel-plugin-react-compiler@19.1.0-rc.3": {
      "integrity": "sha512-mjRn69WuTz4adL0bXGx8Rsyk1086zFJeKmes6aK0xPuK3aaXmDJdLHqwKKMrpm6KAI1MCoUK72d2VeqQbu8YIA==",
      "dependencies": [
        "@babel/types"
      ]
    },
    "baseline-browser-mapping@2.8.5": {
      "integrity": "sha512-TiU4qUT9jdCuh4aVOG7H1QozyeI2sZRqoRPdqBIaslfNt4WUSanRBueAwl2x5jt4rXBMim3lIN2x6yT8PDi24Q==",
      "bin": true
    },
    "browserslist@4.26.2": {
      "integrity": "sha512-ECFzp6uFOSB+dcZ5BK/IBaGWssbSYBHvuMeMt3MMFyhI0Z8SqGgEkBLARgpRH3hutIgPVsALcMwbDrJqPxQ65A==",
      "dependencies": [
        "baseline-browser-mapping",
        "caniuse-lite",
        "electron-to-chromium",
        "node-releases",
        "update-browserslist-db"
      ],
      "bin": true
    },
    "caniuse-lite@1.0.30001743": {
      "integrity": "sha512-e6Ojr7RV14Un7dz6ASD0aZDmQPT/A+eZU+nuTNfjqmRrmkmQlnTNWH0SKmqagx9PeW87UVqapSurtAXifmtdmw=="
    },
    "convert-source-map@2.0.0": {
      "integrity": "sha512-Kvp459HrV2FEJ1CAsi1Ku+MY3kasH19TFykTz2xWmMeq6bk2NU3XXvfJ+Q61m0xktWwt+1HSYf3JZsTms3aRJg=="
    },
    "debug@4.4.3": {
      "integrity": "sha512-RGwwWnwQvkVfavKVt22FGLw+xYSdzARwm0ru6DhTVA3umU5hZc28V3kO4stgYryrTlLpuvgI9GiijltAjNbcqA==",
      "dependencies": [
        "ms"
      ]
    },
    "electron-to-chromium@1.5.221": {
      "integrity": "sha512-/1hFJ39wkW01ogqSyYoA4goOXOtMRy6B+yvA1u42nnsEGtHzIzmk93aPISumVQeblj47JUHLC9coCjUxb1EvtQ=="
    },
    "esbuild-plugin-babel@0.2.3_@babel+core@7.28.4": {
      "integrity": "sha512-hGLL31n+GvBhkHUpPCt1sU4ynzOH7I1IUkKhera66jigi4mHFPL6dfJo44L6/1rfcZudXx+wGdf9VOifzDPqYQ==",
      "dependencies": [
        "@babel/core"
      ]
    },
    "escalade@3.2.0": {
      "integrity": "sha512-WUj2qlxaQtO4g6Pq5c29GTcWGDyd8itL8zTlipgECz3JesAiiOKotd8JU6otB3PACgG6xkJUyVhboMS+bje/jA=="
    },
    "gensync@1.0.0-beta.2": {
      "integrity": "sha512-3hN7NaskYvMDLQY55gnW3NQ+mesEAepTqlg+VEbj7zzqEMBVNhzcGYYeqFo/TlYz6eQiFcp1HcsCZO+nGgS8zg=="
    },
    "js-tokens@4.0.0": {
      "integrity": "sha512-RdJUflcE3cUzKiMqQgsCu06FPu9UdIJO0beYbPhHN4k6apgJtifcoCtT9bcxOpYBtpD2kCM6Sbzg4CausW/PKQ=="
    },
    "jsesc@3.1.0": {
      "integrity": "sha512-/sM3dO2FOzXjKQhJuo0Q173wf2KOo8t4I8vHy6lF9poUp7bKT0/NHE8fPX23PwfhnykfqnC2xRxOnVw5XuGIaA==",
      "bin": true
    },
    "json5@2.2.3": {
      "integrity": "sha512-XmOWe7eyHYH14cLdVPoyg+GOH3rYX++KpzrylJwSW98t3Nk+U8XOl8FWKOgwtzdb8lXGf6zYwDUzeHMWfxasyg==",
      "bin": true
    },
    "lru-cache@5.1.1": {
      "integrity": "sha512-KpNARQA3Iwv+jTA0utUVVbrh+Jlrr1Fv0e56GGzAFOXN7dk/FviaDW8LHmK52DlcH4WP2n6gI8vN1aesBFgo9w==",
      "dependencies": [
        "yallist"
      ]
    },
    "ms@2.1.3": {
      "integrity": "sha512-6FlzubTLZG3J2a/NVCAleEhjzq5oxgHyaCU9yYXvcLsvoVaHJq/s5xXI6/XXP6tz7R9xAOtHnSO/tXtF3WRTlA=="
    },
    "node-releases@2.0.21": {
      "integrity": "sha512-5b0pgg78U3hwXkCM8Z9b2FJdPZlr9Psr9V2gQPESdGHqbntyFJKFW4r5TeWGFzafGY3hzs1JC62VEQMbl1JFkw=="
    },
    "picocolors@1.1.1": {
      "integrity": "sha512-xceH2snhtb5M9liqDsmEw56le376mTZkEX/jEb/RxNFyegNul7eNslCXP9FDj/Lcu0X8KEyMceP2ntpaHrDEVA=="
    },
    "react-compiler-runtime@19.1.0-rc.3_react@19.1.1": {
      "integrity": "sha512-Cssogys2XZu6SqxRdX2xd8cQAf57BBvFbLEBlIa77161lninbKUn/EqbecCe7W3eqDQfg3rIoOwzExzgCh7h/g==",
      "dependencies": [
        "react"
      ]
    },
    "react@19.1.1": {
      "integrity": "sha512-w8nqGImo45dmMIfljjMwOGtbmC/mk4CMYhWIicdSflH91J9TyCyczcPFXJzrZ/ZXcgGRFeP6BU0BEJTw6tZdfQ=="
    },
    "semver@6.3.1": {
      "integrity": "sha512-BR7VvDCVHO+q2xBEWskxS6DJE1qRnb7DxzUrogb71CWoSficBxYsiAGd+Kl0mmq/MprG9yArRkyrQxTO6XjMzA==",
      "bin": true
    },
    "update-browserslist-db@1.1.3_browserslist@4.26.2": {
      "integrity": "sha512-UxhIZQ+QInVdunkDAaiazvvT/+fXL5Osr0JZlJulepYu6Jd7qJtDZjlur0emRlT71EN3ScPoE7gvsuIKKNavKw==",
      "dependencies": [
        "browserslist",
        "escalade",
        "picocolors"
      ],
      "bin": true
    },
    "yallist@3.1.1": {
      "integrity": "sha512-a4UGQaWPH59mOXUYnAG2ewncQS4i4F43Tv3JoAM+s2VDAmS9NsK8GpDMLrCHPksFT7h3K6TOoUNn2pb7RoXx4g=="
    }
  },
  "redirects": {
    "https://esm.sh/@types/react@~19.0.12/jsx-runtime.d.ts": "https://esm.sh/@types/react@19.0.14/jsx-runtime.d.ts",
    "https://esm.sh/scheduler@^0.26.0?target=denonext": "https://esm.sh/scheduler@0.26.0?target=denonext"
  },
  "remote": {
    "https://deno.land/x/denoflate@1.2.1/mod.ts": "f5628e44b80b3d80ed525afa2ba0f12408e3849db817d47a883b801f9ce69dd6",
    "https://deno.land/x/denoflate@1.2.1/pkg/denoflate.js": "b9f9ad9457d3f12f28b1fb35c555f57443427f74decb403113d67364e4f2caf4",
    "https://deno.land/x/denoflate@1.2.1/pkg/denoflate_bg.wasm.js": "d581956245407a2115a3d7e8d85a9641c032940a8e810acbd59ca86afd34d44d",
    "https://deno.land/x/esbuild@v0.25.8/mod.js": "a3a34e05849068a0f6e3b3f8d30d3f4affaa9e7b39b1877718caca560dab2132",
    "https://esm.sh/dexie@4.0.11": "9adecb83911543ac0032b1786fea6cf9a2ce6b4844c59a608e564c33bebb8de8",
    "https://esm.sh/dexie@4.0.11/denonext/dexie.mjs": "0b4199f8c72ff4b986b3c0f48fed0228595675c3003a6c3001223ab95c535a11",
    "https://esm.sh/react-dom@19.1.0": "0af10bc13bc7ef60cd74313dc427d357184e28c86cc878340add5cde7ba00120",
    "https://esm.sh/react-dom@19.1.0/client": "a84db2e3e86b71bf712d55f37603df8be4a624d7e93b63795524ec0554b1a6af",
    "https://esm.sh/react-dom@19.1.0/denonext/client.mjs": "9568d5484e41d9b0b8b717f4ddb990b74e8158ded3772ad51c737dc7899b42f8",
    "https://esm.sh/react-dom@19.1.0/denonext/react-dom.mjs": "34f13de407660b571cc98e6902abc6aded524314c56c77a1ee7527b4f501f727",
    "https://esm.sh/react@19.1.0": "8cb1e2ba1aeb012dc6807c8b3cf6ae90579b448317c9debc9d888dcabc246e66",
    "https://esm.sh/react@19.1.0/denonext/jsx-runtime.mjs": "fbd3137c02ae8733d3bfaf434884aada41253c9074bdd3baf598879de24fe70b",
    "https://esm.sh/react@19.1.0/denonext/react.mjs": "b43f435068776ab7a40daea8854ab1f8eca6252e86a9ac8b716bb9110ffeb76e",
    "https://esm.sh/react@19.1.0/jsx-runtime": "8c80348342f0448fbf5499e9f357ab3f678db3b7fbf782f8899fc88bb0a182c3",
    "https://esm.sh/scheduler@0.26.0/denonext/scheduler.mjs": "b62267951094a7c42b7170c51e31f57198981b08ebfae60be0d076101a4c6f91",
    "https://esm.sh/scheduler@0.26.0?target=denonext": "102f3b685ea5271452bd93de89ab0d99668aecb08f7706e3b9c6629699dd92e0"
  },
  "workspace": {
    "dependencies": [
      "jsr:@luca/esbuild-deno-loader@~0.11.1",
      "jsr:@oazmi/esbuild-plugin-deno@~0.4.4",
      "jsr:@std/path@1.1.2",
      "jsr:@std/streams@1.0.12",
      "npm:@babel/preset-react@7.27.1",
      "npm:@babel/preset-typescript@7.27.1",
      "npm:@biomejs/biome@2.2.4",
      "npm:babel-plugin-react-compiler@19.1.0-rc.3",
      "npm:esbuild-plugin-babel@0.2.3",
      "npm:react-compiler-runtime@19.1.0-rc.3"
    ]
  }
}
